
Microsoft Visual Studio Solution File, Format Version 12.00
# Visual Studio Version 16
VisualStudioVersion = 16.0.30907.101
MinimumVisualStudioVersion = 10.0.40219.1
Project("{9A19103F-16F7-4668-BE54-9A1E7A4F7556}") = "Lab2", "Lab2\Lab2.csproj", "{D0DC3DC0-9D85-4B86-8525-D4583CB2D0F4}"
EndProject
Project("{9A19103F-16F7-4668-BE54-9A1E7A4F7556}") = "DbHelper", "DbHelper\DbHelper.csproj", "{0C90094D-9860-4D9B-BEBB-6AB144C27835}"
EndProject
Project("{9A19103F-16F7-4668-BE54-9A1E7A4F7556}") = "Models", "Models\Models.csproj", "{82C19394-F726-485C-9449-4CBBC5BE0B1D}"
EndProject
Project("{9A19103F-16F7-4668-BE54-9A1E7A4F7556}") = "Lab3", "Lab3\Lab3.csproj", "{09C72C61-E325-4BC5-BD08-9CB5A40F43DD}"
EndProject
Project("{9A19103F-16F7-4668-BE54-9A1E7A4F7556}") = "Lab4", "Lab4\Lab4.csproj", "{C4153D0C-3FD9-4D06-8FD9-5CF4BC3DB917}"
EndProject
Project("{9A19103F-16F7-4668-BE54-9A1E7A4F7556}") = "Lab5", "Lab5\Lab5.csproj", "{C9AE6D37-8D9C-4D2B-9E37-C64CD414CD4B}"
EndProject
Project("{9A19103F-16F7-4668-BE54-9A1E7A4F7556}") = "Lab6", "Lab6\Lab6.csproj", "{80023EB0-D97D-42E5-8391-5D5751F2D959}"
EndProject
Project("{FAE04EC0-301F-11D3-BF4B-00C04F79EFBC}") = "Lab7", "Lab7\Lab7.csproj", "{98CA742A-9F15-4AA6-94B8-A271AD5E603D}"
EndProject
Project("{FAE04EC0-301F-11D3-BF4B-00C04F79EFBC}") = "lab9", "lab9\lab9.csproj", "{49B7ADD7-D3B8-45AC-9721-99D13130CDF9}"
EndProject
Global
	GlobalSection(SolutionConfigurationPlatforms) = preSolution
		Debug|Any CPU = Debug|Any CPU
		Release|Any CPU = Release|Any CPU
	EndGlobalSection
	GlobalSection(ProjectConfigurationPlatforms) = postSolution
		{D0DC3DC0-9D85-4B86-8525-D4583CB2D0F4}.Debug|Any CPU.ActiveCfg = Debug|Any CPU
		{D0DC3DC0-9D85-4B86-8525-D4583CB2D0F4}.Debug|Any CPU.Build.0 = Debug|Any CPU
		{D0DC3DC0-9D85-4B86-8525-D4583CB2D0F4}.Release|Any CPU.ActiveCfg = Release|Any CPU
		{D0DC3DC0-9D85-4B86-8525-D4583CB2D0F4}.Release|Any CPU.Build.0 = Release|Any CPU
		{0C90094D-9860-4D9B-BEBB-6AB144C27835}.Debug|Any CPU.ActiveCfg = Debug|Any CPU
		{0C90094D-9860-4D9B-BEBB-6AB144C27835}.Debug|Any CPU.Build.0 = Debug|Any CPU
		{0C90094D-9860-4D9B-BEBB-6AB144C27835}.Release|Any CPU.ActiveCfg = Release|Any CPU
		{0C90094D-9860-4D9B-BEBB-6AB144C27835}.Release|Any CPU.Build.0 = Release|Any CPU
		{82C19394-F726-485C-9449-4CBBC5BE0B1D}.Debug|Any CPU.ActiveCfg = Debug|Any CPU
		{82C19394-F726-485C-9449-4CBBC5BE0B1D}.Debug|Any CPU.Build.0 = Debug|Any CPU
		{82C19394-F726-485C-9449-4CBBC5BE0B1D}.Release|Any CPU.ActiveCfg = Release|Any CPU
		{82C19394-F726-485C-9449-4CBBC5BE0B1D}.Release|Any CPU.Build.0 = Release|Any CPU
		{09C72C61-E325-4BC5-BD08-9CB5A40F43DD}.Debug|Any CPU.ActiveCfg = Debug|Any CPU
		{09C72C61-E325-4BC5-BD08-9CB5A40F43DD}.Debug|Any CPU.Build.0 = Debug|Any CPU
		{09C72C61-E325-4BC5-BD08-9CB5A40F43DD}.Release|Any CPU.ActiveCfg = Release|Any CPU
		{09C72C61-E325-4BC5-BD08-9CB5A40F43DD}.Release|Any CPU.Build.0 = Release|Any CPU
		{C4153D0C-3FD9-4D06-8FD9-5CF4BC3DB917}.Debug|Any CPU.ActiveCfg = Debug|Any CPU
		{C4153D0C-3FD9-4D06-8FD9-5CF4BC3DB917}.Debug|Any CPU.Build.0 = Debug|Any CPU
		{C4153D0C-3FD9-4D06-8FD9-5CF4BC3DB917}.Release|Any CPU.ActiveCfg = Release|Any CPU
		{C4153D0C-3FD9-4D06-8FD9-5CF4BC3DB917}.Release|Any CPU.Build.0 = Release|Any CPU
		{C9AE6D37-8D9C-4D2B-9E37-C64CD414CD4B}.Debug|Any CPU.ActiveCfg = Debug|Any CPU
		{C9AE6D37-8D9C-4D2B-9E37-C64CD414CD4B}.Debug|Any CPU.Build.0 = Debug|Any CPU
		{C9AE6D37-8D9C-4D2B-9E37-C64CD414CD4B}.Release|Any CPU.ActiveCfg = Release|Any CPU
		{C9AE6D37-8D9C-4D2B-9E37-C64CD414CD4B}.Release|Any CPU.Build.0 = Release|Any CPU
		{80023EB0-D97D-42E5-8391-5D5751F2D959}.Debug|Any CPU.ActiveCfg = Debug|Any CPU
		{80023EB0-D97D-42E5-8391-5D5751F2D959}.Debug|Any CPU.Build.0 = Debug|Any CPU
		{80023EB0-D97D-42E5-8391-5D5751F2D959}.Release|Any CPU.ActiveCfg = Release|Any CPU
		{80023EB0-D97D-42E5-8391-5D5751F2D959}.Release|Any CPU.Build.0 = Release|Any CPU
		{98CA742A-9F15-4AA6-94B8-A271AD5E603D}.Debug|Any CPU.ActiveCfg = Debug|Any CPU
		{98CA742A-9F15-4AA6-94B8-A271AD5E603D}.Debug|Any CPU.Build.0 = Debug|Any CPU
		{98CA742A-9F15-4AA6-94B8-A271AD5E603D}.Release|Any CPU.ActiveCfg = Release|Any CPU
		{98CA742A-9F15-4AA6-94B8-A271AD5E603D}.Release|Any CPU.Build.0 = Release|Any CPU
		{49B7ADD7-D3B8-45AC-9721-99D13130CDF9}.Debug|Any CPU.ActiveCfg = Debug|Any CPU
		{49B7ADD7-D3B8-45AC-9721-99D13130CDF9}.Debug|Any CPU.Build.0 = Debug|Any CPU
		{49B7ADD7-D3B8-45AC-9721-99D13130CDF9}.Release|Any CPU.ActiveCfg = Release|Any CPU
		{49B7ADD7-D3B8-45AC-9721-99D13130CDF9}.Release|Any CPU.Build.0 = Release|Any CPU
	EndGlobalSection
	GlobalSection(SolutionProperties) = preSolution
		HideSolutionNode = FALSE
	EndGlobalSection
	GlobalSection(ExtensibilityGlobals) = postSolution
		SolutionGuid = {B55EEB4A-B595-499A-BF80-144F39168E6B}
	EndGlobalSection
EndGlobal
