
Microsoft Visual Studio Solution File, Format Version 12.00
# Visual Studio Version 17
VisualStudioVersion = 17.0.32112.339
MinimumVisualStudioVersion = 10.0.40219.1
Project("{FAE04EC0-301F-11D3-BF4B-00C04F79EFBC}") = "Lab2", "Lab2\Lab2.csproj", "{D0DC3DC0-9D85-4B86-8525-D4583CB2D0F4}"
EndProject
Project("{FAE04EC0-301F-11D3-BF4B-00C04F79EFBC}") = "DbHelper", "DbHelper\DbHelper.csproj", "{0C90094D-9860-4D9B-BEBB-6AB144C27835}"
EndProject
Project("{FAE04EC0-301F-11D3-BF4B-00C04F79EFBC}") = "Models", "Models\Models.csproj", "{82C19394-F726-485C-9449-4CBBC5BE0B1D}"
EndProject
Global
	GlobalSection(SolutionConfigurationPlatforms) = preSolution
		Debug|Any CPU = Debug|Any CPU
		Release|Any CPU = Release|Any CPU
	EndGlobalSection
	GlobalSection(ProjectConfigurationPlatforms) = postSolution
		{D0DC3DC0-9D85-4B86-8525-D4583CB2D0F4}.Debug|Any CPU.ActiveCfg = Debug|Any CPU
		{D0DC3DC0-9D85-4B86-8525-D4583CB2D0F4}.Debug|Any CPU.Build.0 = Debug|Any CPU
		{D0DC3DC0-9D85-4B86-8525-D4583CB2D0F4}.Release|Any CPU.ActiveCfg = Release|Any CPU
		{D0DC3DC0-9D85-4B86-8525-D4583CB2D0F4}.Release|Any CPU.Build.0 = Release|Any CPU
		{0C90094D-9860-4D9B-BEBB-6AB144C27835}.Debug|Any CPU.ActiveCfg = Debug|Any CPU
		{0C90094D-9860-4D9B-BEBB-6AB144C27835}.Debug|Any CPU.Build.0 = Debug|Any CPU
		{0C90094D-9860-4D9B-BEBB-6AB144C27835}.Release|Any CPU.ActiveCfg = Release|Any CPU
		{0C90094D-9860-4D9B-BEBB-6AB144C27835}.Release|Any CPU.Build.0 = Release|Any CPU
		{82C19394-F726-485C-9449-4CBBC5BE0B1D}.Debug|Any CPU.ActiveCfg = Debug|Any CPU
		{82C19394-F726-485C-9449-4CBBC5BE0B1D}.Debug|Any CPU.Build.0 = Debug|Any CPU
		{82C19394-F726-485C-9449-4CBBC5BE0B1D}.Release|Any CPU.ActiveCfg = Release|Any CPU
		{82C19394-F726-485C-9449-4CBBC5BE0B1D}.Release|Any CPU.Build.0 = Release|Any CPU
	EndGlobalSection
	GlobalSection(SolutionProperties) = preSolution
		HideSolutionNode = FALSE
	EndGlobalSection
	GlobalSection(ExtensibilityGlobals) = postSolution
		SolutionGuid = {B55EEB4A-B595-499A-BF80-144F39168E6B}
	EndGlobalSection
EndGlobal
