
Microsoft Visual Studio Solution File, Format Version 12.00
# Visual Studio Version 16
VisualStudioVersion = 16.0.30709.132
MinimumVisualStudioVersion = 10.0.40219.1
Project("{FAE04EC0-301F-11D3-BF4B-00C04F79EFBC}") = "task1", "task1\task1.csproj", "{FDD9537C-A1C1-4C00-A9D8-2AA670600C13}"
EndProject
Project("{FAE04EC0-301F-11D3-BF4B-00C04F79EFBC}") = "task2", "task2\task2.csproj", "{05E6C22F-01F7-4DDC-8DC1-1F09268216A1}"
EndProject
Project("{FAE04EC0-301F-11D3-BF4B-00C04F79EFBC}") = "task3", "task3\task3.csproj", "{F9640D14-ED86-4D29-BA58-50555076580D}"
EndProject
Global
	GlobalSection(SolutionConfigurationPlatforms) = preSolution
		Debug|Any CPU = Debug|Any CPU
		Release|Any CPU = Release|Any CPU
	EndGlobalSection
	GlobalSection(ProjectConfigurationPlatforms) = postSolution
		{FDD9537C-A1C1-4C00-A9D8-2AA670600C13}.Debug|Any CPU.ActiveCfg = Debug|Any CPU
		{FDD9537C-A1C1-4C00-A9D8-2AA670600C13}.Debug|Any CPU.Build.0 = Debug|Any CPU
		{FDD9537C-A1C1-4C00-A9D8-2AA670600C13}.Release|Any CPU.ActiveCfg = Release|Any CPU
		{FDD9537C-A1C1-4C00-A9D8-2AA670600C13}.Release|Any CPU.Build.0 = Release|Any CPU
		{05E6C22F-01F7-4DDC-8DC1-1F09268216A1}.Debug|Any CPU.ActiveCfg = Debug|Any CPU
		{05E6C22F-01F7-4DDC-8DC1-1F09268216A1}.Debug|Any CPU.Build.0 = Debug|Any CPU
		{05E6C22F-01F7-4DDC-8DC1-1F09268216A1}.Release|Any CPU.ActiveCfg = Release|Any CPU
		{05E6C22F-01F7-4DDC-8DC1-1F09268216A1}.Release|Any CPU.Build.0 = Release|Any CPU
		{F9640D14-ED86-4D29-BA58-50555076580D}.Debug|Any CPU.ActiveCfg = Debug|Any CPU
		{F9640D14-ED86-4D29-BA58-50555076580D}.Debug|Any CPU.Build.0 = Debug|Any CPU
		{F9640D14-ED86-4D29-BA58-50555076580D}.Release|Any CPU.ActiveCfg = Release|Any CPU
		{F9640D14-ED86-4D29-BA58-50555076580D}.Release|Any CPU.Build.0 = Release|Any CPU
	EndGlobalSection
	GlobalSection(SolutionProperties) = preSolution
		HideSolutionNode = FALSE
	EndGlobalSection
	GlobalSection(ExtensibilityGlobals) = postSolution
		SolutionGuid = {97A0EC79-3A00-4995-88F8-2E58B6F63F83}
	EndGlobalSection
EndGlobal
